// !$*UTF8*$!
{
	archiveVersion = 1;
	classes = {
	};
	objectVersion = 46;
	objects = {

/* Begin PBXBuildFile section */
		ED4F19F21E2AB1CD00837D55 /* Assets.xcassets in Resources */ = {isa = PBXBuildFile; fileRef = ED4F19F11E2AB1CD00837D55 /* Assets.xcassets */; };
		ED9050EC1E2BE30300AA24B1 /* Story.swift in Sources */ = {isa = PBXBuildFile; fileRef = ED9050EB1E2BE30300AA24B1 /* Story.swift */; };
		ED9050F11E2BE3C100AA24B1 /* StoryCollection.swift in Sources */ = {isa = PBXBuildFile; fileRef = ED9050F01E2BE3C100AA24B1 /* StoryCollection.swift */; };
		EDB358B51E296110008BAE36 /* AppDelegate.swift in Sources */ = {isa = PBXBuildFile; fileRef = EDB358B41E296110008BAE36 /* AppDelegate.swift */; };
		EDB358BC1E296110008BAE36 /* Main.storyboard in Resources */ = {isa = PBXBuildFile; fileRef = EDB358BA1E296110008BAE36 /* Main.storyboard */; };
		EDB358C11E296110008BAE36 /* LaunchScreen.storyboard in Resources */ = {isa = PBXBuildFile; fileRef = EDB358BF1E296110008BAE36 /* LaunchScreen.storyboard */; };
		EDB358C91E296248008BAE36 /* StoryCollectionViewController.swift in Sources */ = {isa = PBXBuildFile; fileRef = EDB358C81E296248008BAE36 /* StoryCollectionViewController.swift */; };
		EDD8C99E1E3BA1D700922296 /* TinyTinoStory.storyboard in Resources */ = {isa = PBXBuildFile; fileRef = EDD8C99D1E3BA1D700922296 /* TinyTinoStory.storyboard */; };
		EDD8C9A11E3BA66B00922296 /* StoryCollectionViewCell.swift in Sources */ = {isa = PBXBuildFile; fileRef = EDD8C9A01E3BA66B00922296 /* StoryCollectionViewCell.swift */; };
		EDD8C9A31E3BDE6300922296 /* TinyTinoPage1ViewController.swift in Sources */ = {isa = PBXBuildFile; fileRef = EDD8C9A21E3BDE6300922296 /* TinyTinoPage1ViewController.swift */; };
		EDD8C9A51E3BE53C00922296 /* StoryContainerViewController.swift in Sources */ = {isa = PBXBuildFile; fileRef = EDD8C9A41E3BE53C00922296 /* StoryContainerViewController.swift */; };
		EDD8C9A91E3BF9FC00922296 /* TinyTinoPage2ViewController.swift in Sources */ = {isa = PBXBuildFile; fileRef = EDD8C9A81E3BF9FC00922296 /* TinyTinoPage2ViewController.swift */; };
		EDD8C9AB1E3BFA6100922296 /* TinyTinoPage3ViewController.swift in Sources */ = {isa = PBXBuildFile; fileRef = EDD8C9AA1E3BFA6100922296 /* TinyTinoPage3ViewController.swift */; };
		EDD8C9AD1E3BFA6800922296 /* TinyTinoPage4ViewController.swift in Sources */ = {isa = PBXBuildFile; fileRef = EDD8C9AC1E3BFA6800922296 /* TinyTinoPage4ViewController.swift */; };
		EDD8C9AF1E3BFA6F00922296 /* TinyTinoPage5ViewController.swift in Sources */ = {isa = PBXBuildFile; fileRef = EDD8C9AE1E3BFA6F00922296 /* TinyTinoPage5ViewController.swift */; };
		EDD8C9B11E3BFA7700922296 /* TinyTinoPage6ViewController.swift in Sources */ = {isa = PBXBuildFile; fileRef = EDD8C9B01E3BFA7700922296 /* TinyTinoPage6ViewController.swift */; };
		EDD8C9B31E3BFA8400922296 /* TinyTinoPage7ViewController.swift in Sources */ = {isa = PBXBuildFile; fileRef = EDD8C9B21E3BFA8400922296 /* TinyTinoPage7ViewController.swift */; };
		EDD8C9B51E3BFA8A00922296 /* TinyTinoPage8ViewController.swift in Sources */ = {isa = PBXBuildFile; fileRef = EDD8C9B41E3BFA8A00922296 /* TinyTinoPage8ViewController.swift */; };
		EDD8C9B71E3BFA9100922296 /* TinyTinoPage9ViewController.swift in Sources */ = {isa = PBXBuildFile; fileRef = EDD8C9B61E3BFA9100922296 /* TinyTinoPage9ViewController.swift */; };
/* End PBXBuildFile section */

/* Begin PBXFileReference section */
		ED4F19F11E2AB1CD00837D55 /* Assets.xcassets */ = {isa = PBXFileReference; lastKnownFileType = folder.assetcatalog; path = Assets.xcassets; sourceTree = "<group>"; };
		ED9050EB1E2BE30300AA24B1 /* Story.swift */ = {isa = PBXFileReference; fileEncoding = 4; lastKnownFileType = sourcecode.swift; path = Story.swift; sourceTree = "<group>"; };
		ED9050F01E2BE3C100AA24B1 /* StoryCollection.swift */ = {isa = PBXFileReference; fileEncoding = 4; lastKnownFileType = sourcecode.swift; path = StoryCollection.swift; sourceTree = "<group>"; };
		EDB358B11E296110008BAE36 /* Tiny_Tino's_Interactive_Adventures.app */ = {isa = PBXFileReference; explicitFileType = wrapper.application; includeInIndex = 0; path = "Tiny_Tino's_Interactive_Adventures.app"; sourceTree = BUILT_PRODUCTS_DIR; };
		EDB358B41E296110008BAE36 /* AppDelegate.swift */ = {isa = PBXFileReference; lastKnownFileType = sourcecode.swift; path = AppDelegate.swift; sourceTree = "<group>"; };
		EDB358BB1E296110008BAE36 /* Base */ = {isa = PBXFileReference; lastKnownFileType = file.storyboard; name = Base; path = Base.lproj/Main.storyboard; sourceTree = "<group>"; };
		EDB358C01E296110008BAE36 /* Base */ = {isa = PBXFileReference; lastKnownFileType = file.storyboard; name = Base; path = Base.lproj/LaunchScreen.storyboard; sourceTree = "<group>"; };
		EDB358C21E296110008BAE36 /* Info.plist */ = {isa = PBXFileReference; lastKnownFileType = text.plist.xml; path = Info.plist; sourceTree = "<group>"; };
		EDB358C81E296248008BAE36 /* StoryCollectionViewController.swift */ = {isa = PBXFileReference; fileEncoding = 4; lastKnownFileType = sourcecode.swift; path = StoryCollectionViewController.swift; sourceTree = "<group>"; };
		EDD8C99D1E3BA1D700922296 /* TinyTinoStory.storyboard */ = {isa = PBXFileReference; fileEncoding = 4; lastKnownFileType = file.storyboard; path = TinyTinoStory.storyboard; sourceTree = "<group>"; };
		EDD8C9A01E3BA66B00922296 /* StoryCollectionViewCell.swift */ = {isa = PBXFileReference; fileEncoding = 4; lastKnownFileType = sourcecode.swift; path = StoryCollectionViewCell.swift; sourceTree = "<group>"; };
		EDD8C9A21E3BDE6300922296 /* TinyTinoPage1ViewController.swift */ = {isa = PBXFileReference; fileEncoding = 4; lastKnownFileType = sourcecode.swift; path = TinyTinoPage1ViewController.swift; sourceTree = "<group>"; };
		EDD8C9A41E3BE53C00922296 /* StoryContainerViewController.swift */ = {isa = PBXFileReference; fileEncoding = 4; lastKnownFileType = sourcecode.swift; path = StoryContainerViewController.swift; sourceTree = "<group>"; };
		EDD8C9A81E3BF9FC00922296 /* TinyTinoPage2ViewController.swift */ = {isa = PBXFileReference; fileEncoding = 4; lastKnownFileType = sourcecode.swift; path = TinyTinoPage2ViewController.swift; sourceTree = "<group>"; };
		EDD8C9AA1E3BFA6100922296 /* TinyTinoPage3ViewController.swift */ = {isa = PBXFileReference; fileEncoding = 4; lastKnownFileType = sourcecode.swift; path = TinyTinoPage3ViewController.swift; sourceTree = "<group>"; };
		EDD8C9AC1E3BFA6800922296 /* TinyTinoPage4ViewController.swift */ = {isa = PBXFileReference; fileEncoding = 4; lastKnownFileType = sourcecode.swift; path = TinyTinoPage4ViewController.swift; sourceTree = "<group>"; };
		EDD8C9AE1E3BFA6F00922296 /* TinyTinoPage5ViewController.swift */ = {isa = PBXFileReference; fileEncoding = 4; lastKnownFileType = sourcecode.swift; path = TinyTinoPage5ViewController.swift; sourceTree = "<group>"; };
		EDD8C9B01E3BFA7700922296 /* TinyTinoPage6ViewController.swift */ = {isa = PBXFileReference; fileEncoding = 4; lastKnownFileType = sourcecode.swift; path = TinyTinoPage6ViewController.swift; sourceTree = "<group>"; };
		EDD8C9B21E3BFA8400922296 /* TinyTinoPage7ViewController.swift */ = {isa = PBXFileReference; fileEncoding = 4; lastKnownFileType = sourcecode.swift; path = TinyTinoPage7ViewController.swift; sourceTree = "<group>"; };
		EDD8C9B41E3BFA8A00922296 /* TinyTinoPage8ViewController.swift */ = {isa = PBXFileReference; fileEncoding = 4; lastKnownFileType = sourcecode.swift; path = TinyTinoPage8ViewController.swift; sourceTree = "<group>"; };
		EDD8C9B61E3BFA9100922296 /* TinyTinoPage9ViewController.swift */ = {isa = PBXFileReference; fileEncoding = 4; lastKnownFileType = sourcecode.swift; path = TinyTinoPage9ViewController.swift; sourceTree = "<group>"; };
/* End PBXFileReference section */

/* Begin PBXFrameworksBuildPhase section */
		EDB358AE1E296110008BAE36 /* Frameworks */ = {
			isa = PBXFrameworksBuildPhase;
			buildActionMask = 2147483647;
			files = (
			);
			runOnlyForDeploymentPostprocessing = 0;
		};
/* End PBXFrameworksBuildPhase section */

/* Begin PBXGroup section */
		ED9050ED1E2BE35B00AA24B1 /* Controllers */ = {
			isa = PBXGroup;
			children = (
				EDB358C81E296248008BAE36 /* StoryCollectionViewController.swift */,
				EDD8C9B81E3BFA9F00922296 /* TinyTinoStory */,
			);
			name = Controllers;
			sourceTree = "<group>";
		};
		ED9050EE1E2BE36F00AA24B1 /* Models */ = {
			isa = PBXGroup;
			children = (
				ED9050EB1E2BE30300AA24B1 /* Story.swift */,
			);
			name = Models;
			sourceTree = "<group>";
		};
		ED9050EF1E2BE37A00AA24B1 /* Views */ = {
			isa = PBXGroup;
			children = (
				EDD8C9A01E3BA66B00922296 /* StoryCollectionViewCell.swift */,
				EDD8C99F1E3BA64B00922296 /* Layout */,
			);
			name = Views;
			sourceTree = "<group>";
		};
		EDB358A81E296110008BAE36 = {
			isa = PBXGroup;
			children = (
				EDB358B31E296110008BAE36 /* Tiny_Tino's_Interactive_Adventures */,
				EDB358B21E296110008BAE36 /* Products */,
			);
			sourceTree = "<group>";
		};
		EDB358B21E296110008BAE36 /* Products */ = {
			isa = PBXGroup;
			children = (
				EDB358B11E296110008BAE36 /* Tiny_Tino's_Interactive_Adventures.app */,
			);
			name = Products;
			sourceTree = "<group>";
		};
		EDB358B31E296110008BAE36 /* Tiny_Tino's_Interactive_Adventures */ = {
			isa = PBXGroup;
			children = (
				EDB358B41E296110008BAE36 /* AppDelegate.swift */,
				ED9050F01E2BE3C100AA24B1 /* StoryCollection.swift */,
				ED9050EE1E2BE36F00AA24B1 /* Models */,
				ED9050EF1E2BE37A00AA24B1 /* Views */,
				ED9050ED1E2BE35B00AA24B1 /* Controllers */,
				EDB358C21E296110008BAE36 /* Info.plist */,
				ED4F19F11E2AB1CD00837D55 /* Assets.xcassets */,
			);
			path = "Tiny_Tino's_Interactive_Adventures";
			sourceTree = "<group>";
		};
		EDD8C99F1E3BA64B00922296 /* Layout */ = {
			isa = PBXGroup;
			children = (
				EDB358BF1E296110008BAE36 /* LaunchScreen.storyboard */,
				EDB358BA1E296110008BAE36 /* Main.storyboard */,
				EDD8C99D1E3BA1D700922296 /* TinyTinoStory.storyboard */,
			);
			name = Layout;
			sourceTree = "<group>";
		};
		EDD8C9B81E3BFA9F00922296 /* TinyTinoStory */ = {
			isa = PBXGroup;
			children = (
				EDD8C9A41E3BE53C00922296 /* StoryContainerViewController.swift */,
				EDD8C9A21E3BDE6300922296 /* TinyTinoPage1ViewController.swift */,
				EDD8C9A81E3BF9FC00922296 /* TinyTinoPage2ViewController.swift */,
				EDD8C9AA1E3BFA6100922296 /* TinyTinoPage3ViewController.swift */,
				EDD8C9AC1E3BFA6800922296 /* TinyTinoPage4ViewController.swift */,
				EDD8C9AE1E3BFA6F00922296 /* TinyTinoPage5ViewController.swift */,
				EDD8C9B01E3BFA7700922296 /* TinyTinoPage6ViewController.swift */,
				EDD8C9B21E3BFA8400922296 /* TinyTinoPage7ViewController.swift */,
				EDD8C9B41E3BFA8A00922296 /* TinyTinoPage8ViewController.swift */,
				EDD8C9B61E3BFA9100922296 /* TinyTinoPage9ViewController.swift */,
			);
			name = TinyTinoStory;
			sourceTree = "<group>";
		};
/* End PBXGroup section */

/* Begin PBXNativeTarget section */
		EDB358B01E296110008BAE36 /* Tiny_Tino's_Interactive_Adventures */ = {
			isa = PBXNativeTarget;
			buildConfigurationList = EDB358C51E296110008BAE36 /* Build configuration list for PBXNativeTarget "Tiny_Tino's_Interactive_Adventures" */;
			buildPhases = (
				EDB358AD1E296110008BAE36 /* Sources */,
				EDB358AE1E296110008BAE36 /* Frameworks */,
				EDB358AF1E296110008BAE36 /* Resources */,
			);
			buildRules = (
			);
			dependencies = (
			);
			name = "Tiny_Tino's_Interactive_Adventures";
			productName = "Tiny_Tino's_Interactive_Adventures";
			productReference = EDB358B11E296110008BAE36 /* Tiny_Tino's_Interactive_Adventures.app */;
			productType = "com.apple.product-type.application";
		};
/* End PBXNativeTarget section */

/* Begin PBXProject section */
		EDB358A91E296110008BAE36 /* Project object */ = {
			isa = PBXProject;
			attributes = {
				LastSwiftUpdateCheck = 0820;
				LastUpgradeCheck = 0820;
				ORGANIZATIONNAME = "Erica Correa";
				TargetAttributes = {
					EDB358B01E296110008BAE36 = {
						CreatedOnToolsVersion = 8.2.1;
						DevelopmentTeam = N4Z4DHHUE9;
						ProvisioningStyle = Automatic;
					};
				};
			};
			buildConfigurationList = EDB358AC1E296110008BAE36 /* Build configuration list for PBXProject "Tiny_Tino's_Interactive_Adventures" */;
			compatibilityVersion = "Xcode 3.2";
			developmentRegion = English;
			hasScannedForEncodings = 0;
			knownRegions = (
				en,
				Base,
			);
			mainGroup = EDB358A81E296110008BAE36;
			productRefGroup = EDB358B21E296110008BAE36 /* Products */;
			projectDirPath = "";
			projectRoot = "";
			targets = (
				EDB358B01E296110008BAE36 /* Tiny_Tino's_Interactive_Adventures */,
			);
		};
/* End PBXProject section */

/* Begin PBXResourcesBuildPhase section */
		EDB358AF1E296110008BAE36 /* Resources */ = {
			isa = PBXResourcesBuildPhase;
			buildActionMask = 2147483647;
			files = (
				EDB358C11E296110008BAE36 /* LaunchScreen.storyboard in Resources */,
				ED4F19F21E2AB1CD00837D55 /* Assets.xcassets in Resources */,
				EDD8C99E1E3BA1D700922296 /* TinyTinoStory.storyboard in Resources */,
				EDB358BC1E296110008BAE36 /* Main.storyboard in Resources */,
			);
			runOnlyForDeploymentPostprocessing = 0;
		};
/* End PBXResourcesBuildPhase section */

/* Begin PBXSourcesBuildPhase section */
		EDB358AD1E296110008BAE36 /* Sources */ = {
			isa = PBXSourcesBuildPhase;
			buildActionMask = 2147483647;
			files = (
				EDD8C9A91E3BF9FC00922296 /* TinyTinoPage2ViewController.swift in Sources */,
				EDD8C9A11E3BA66B00922296 /* StoryCollectionViewCell.swift in Sources */,
				EDB358B51E296110008BAE36 /* AppDelegate.swift in Sources */,
				EDB358C91E296248008BAE36 /* StoryCollectionViewController.swift in Sources */,
				EDD8C9B51E3BFA8A00922296 /* TinyTinoPage8ViewController.swift in Sources */,
				EDD8C9AD1E3BFA6800922296 /* TinyTinoPage4ViewController.swift in Sources */,
				EDD8C9AF1E3BFA6F00922296 /* TinyTinoPage5ViewController.swift in Sources */,
				EDD8C9A31E3BDE6300922296 /* TinyTinoPage1ViewController.swift in Sources */,
				ED9050EC1E2BE30300AA24B1 /* Story.swift in Sources */,
				EDD8C9B11E3BFA7700922296 /* TinyTinoPage6ViewController.swift in Sources */,
				EDD8C9A51E3BE53C00922296 /* StoryContainerViewController.swift in Sources */,
				ED9050F11E2BE3C100AA24B1 /* StoryCollection.swift in Sources */,
				EDD8C9AB1E3BFA6100922296 /* TinyTinoPage3ViewController.swift in Sources */,
				EDD8C9B31E3BFA8400922296 /* TinyTinoPage7ViewController.swift in Sources */,
				EDD8C9B71E3BFA9100922296 /* TinyTinoPage9ViewController.swift in Sources */,
			);
			runOnlyForDeploymentPostprocessing = 0;
		};
/* End PBXSourcesBuildPhase section */

/* Begin PBXVariantGroup section */
		EDB358BA1E296110008BAE36 /* Main.storyboard */ = {
			isa = PBXVariantGroup;
			children = (
				EDB358BB1E296110008BAE36 /* Base */,
			);
			name = Main.storyboard;
			sourceTree = "<group>";
		};
		EDB358BF1E296110008BAE36 /* LaunchScreen.storyboard */ = {
			isa = PBXVariantGroup;
			children = (
				EDB358C01E296110008BAE36 /* Base */,
			);
			name = LaunchScreen.storyboard;
			sourceTree = "<group>";
		};
/* End PBXVariantGroup section */

/* Begin XCBuildConfiguration section */
		EDB358C31E296110008BAE36 /* Debug */ = {
			isa = XCBuildConfiguration;
			buildSettings = {
				ALWAYS_SEARCH_USER_PATHS = NO;
				CLANG_ANALYZER_NONNULL = YES;
				CLANG_CXX_LANGUAGE_STANDARD = "gnu++0x";
				CLANG_CXX_LIBRARY = "libc++";
				CLANG_ENABLE_MODULES = YES;
				CLANG_ENABLE_OBJC_ARC = YES;
				CLANG_WARN_BOOL_CONVERSION = YES;
				CLANG_WARN_CONSTANT_CONVERSION = YES;
				CLANG_WARN_DIRECT_OBJC_ISA_USAGE = YES_ERROR;
				CLANG_WARN_DOCUMENTATION_COMMENTS = YES;
				CLANG_WARN_EMPTY_BODY = YES;
				CLANG_WARN_ENUM_CONVERSION = YES;
				CLANG_WARN_INFINITE_RECURSION = YES;
				CLANG_WARN_INT_CONVERSION = YES;
				CLANG_WARN_OBJC_ROOT_CLASS = YES_ERROR;
				CLANG_WARN_SUSPICIOUS_MOVE = YES;
				CLANG_WARN_UNREACHABLE_CODE = YES;
				CLANG_WARN__DUPLICATE_METHOD_MATCH = YES;
				"CODE_SIGN_IDENTITY[sdk=iphoneos*]" = "iPhone Developer";
				COPY_PHASE_STRIP = NO;
				DEBUG_INFORMATION_FORMAT = dwarf;
				ENABLE_STRICT_OBJC_MSGSEND = YES;
				ENABLE_TESTABILITY = YES;
				GCC_C_LANGUAGE_STANDARD = gnu99;
				GCC_DYNAMIC_NO_PIC = NO;
				GCC_NO_COMMON_BLOCKS = YES;
				GCC_OPTIMIZATION_LEVEL = 0;
				GCC_PREPROCESSOR_DEFINITIONS = (
					"DEBUG=1",
					"$(inherited)",
				);
				GCC_WARN_64_TO_32_BIT_CONVERSION = YES;
				GCC_WARN_ABOUT_RETURN_TYPE = YES_ERROR;
				GCC_WARN_UNDECLARED_SELECTOR = YES;
				GCC_WARN_UNINITIALIZED_AUTOS = YES_AGGRESSIVE;
				GCC_WARN_UNUSED_FUNCTION = YES;
				GCC_WARN_UNUSED_VARIABLE = YES;
				IPHONEOS_DEPLOYMENT_TARGET = 10.2;
				MTL_ENABLE_DEBUG_INFO = YES;
				ONLY_ACTIVE_ARCH = YES;
				SDKROOT = iphoneos;
				SWIFT_ACTIVE_COMPILATION_CONDITIONS = DEBUG;
				SWIFT_OPTIMIZATION_LEVEL = "-Onone";
				TARGETED_DEVICE_FAMILY = "1,2";
			};
			name = Debug;
		};
		EDB358C41E296110008BAE36 /* Release */ = {
			isa = XCBuildConfiguration;
			buildSettings = {
				ALWAYS_SEARCH_USER_PATHS = NO;
				CLANG_ANALYZER_NONNULL = YES;
				CLANG_CXX_LANGUAGE_STANDARD = "gnu++0x";
				CLANG_CXX_LIBRARY = "libc++";
				CLANG_ENABLE_MODULES = YES;
				CLANG_ENABLE_OBJC_ARC = YES;
				CLANG_WARN_BOOL_CONVERSION = YES;
				CLANG_WARN_CONSTANT_CONVERSION = YES;
				CLANG_WARN_DIRECT_OBJC_ISA_USAGE = YES_ERROR;
				CLANG_WARN_DOCUMENTATION_COMMENTS = YES;
				CLANG_WARN_EMPTY_BODY = YES;
				CLANG_WARN_ENUM_CONVERSION = YES;
				CLANG_WARN_INFINITE_RECURSION = YES;
				CLANG_WARN_INT_CONVERSION = YES;
				CLANG_WARN_OBJC_ROOT_CLASS = YES_ERROR;
				CLANG_WARN_SUSPICIOUS_MOVE = YES;
				CLANG_WARN_UNREACHABLE_CODE = YES;
				CLANG_WARN__DUPLICATE_METHOD_MATCH = YES;
				"CODE_SIGN_IDENTITY[sdk=iphoneos*]" = "iPhone Developer";
				COPY_PHASE_STRIP = NO;
				DEBUG_INFORMATION_FORMAT = "dwarf-with-dsym";
				ENABLE_NS_ASSERTIONS = NO;
				ENABLE_STRICT_OBJC_MSGSEND = YES;
				GCC_C_LANGUAGE_STANDARD = gnu99;
				GCC_NO_COMMON_BLOCKS = YES;
				GCC_WARN_64_TO_32_BIT_CONVERSION = YES;
				GCC_WARN_ABOUT_RETURN_TYPE = YES_ERROR;
				GCC_WARN_UNDECLARED_SELECTOR = YES;
				GCC_WARN_UNINITIALIZED_AUTOS = YES_AGGRESSIVE;
				GCC_WARN_UNUSED_FUNCTION = YES;
				GCC_WARN_UNUSED_VARIABLE = YES;
				IPHONEOS_DEPLOYMENT_TARGET = 10.2;
				MTL_ENABLE_DEBUG_INFO = NO;
				SDKROOT = iphoneos;
				SWIFT_OPTIMIZATION_LEVEL = "-Owholemodule";
				TARGETED_DEVICE_FAMILY = "1,2";
				VALIDATE_PRODUCT = YES;
			};
			name = Release;
		};
		EDB358C61E296110008BAE36 /* Debug */ = {
			isa = XCBuildConfiguration;
			buildSettings = {
				ASSETCATALOG_COMPILER_APPICON_NAME = AppIcon;
				DEVELOPMENT_TEAM = N4Z4DHHUE9;
				INFOPLIST_FILE = "Tiny_Tino's_Interactive_Adventures/Info.plist";
				LD_RUNPATH_SEARCH_PATHS = "$(inherited) @executable_path/Frameworks";
				PRODUCT_BUNDLE_IDENTIFIER = "Erica-Correa.Tiny-Tino-s-Interactive-Adventures";
				PRODUCT_NAME = "$(TARGET_NAME)";
				SWIFT_VERSION = 3.0;
			};
			name = Debug;
		};
		EDB358C71E296110008BAE36 /* Release */ = {
			isa = XCBuildConfiguration;
			buildSettings = {
				ASSETCATALOG_COMPILER_APPICON_NAME = AppIcon;
				DEVELOPMENT_TEAM = N4Z4DHHUE9;
				INFOPLIST_FILE = "Tiny_Tino's_Interactive_Adventures/Info.plist";
				LD_RUNPATH_SEARCH_PATHS = "$(inherited) @executable_path/Frameworks";
				PRODUCT_BUNDLE_IDENTIFIER = "Erica-Correa.Tiny-Tino-s-Interactive-Adventures";
				PRODUCT_NAME = "$(TARGET_NAME)";
				SWIFT_VERSION = 3.0;
			};
			name = Release;
		};
/* End XCBuildConfiguration section */

/* Begin XCConfigurationList section */
		EDB358AC1E296110008BAE36 /* Build configuration list for PBXProject "Tiny_Tino's_Interactive_Adventures" */ = {
			isa = XCConfigurationList;
			buildConfigurations = (
				EDB358C31E296110008BAE36 /* Debug */,
				EDB358C41E296110008BAE36 /* Release */,
			);
			defaultConfigurationIsVisible = 0;
			defaultConfigurationName = Release;
		};
		EDB358C51E296110008BAE36 /* Build configuration list for PBXNativeTarget "Tiny_Tino's_Interactive_Adventures" */ = {
			isa = XCConfigurationList;
			buildConfigurations = (
				EDB358C61E296110008BAE36 /* Debug */,
				EDB358C71E296110008BAE36 /* Release */,
			);
			defaultConfigurationIsVisible = 0;
			defaultConfigurationName = Release;
		};
/* End XCConfigurationList section */
	};
	rootObject = EDB358A91E296110008BAE36 /* Project object */;
}
